
Microsoft Visual Studio Solution File, Format Version 12.00
# Visual Studio Version 17
VisualStudioVersion = 17.14.37710.0 d17.14
MinimumVisualStudioVersion = 10.0.40219.1
Project("{FAE04EC0-301F-11D3-BF4B-00C04F79EFBC}") = "DualAudioSync", "DualAudioSync\DualAudioSync.csproj", "{A2AA493A-4E8F-46F3-BFAF-ACC694B17DDC}"
EndProject
Global
	GlobalSection(SolutionConfigurationPlatforms) = preSolution
		Debug|Any CPU = Debug|Any CPU
		Release|Any CPU = Release|Any CPU
	EndGlobalSection
	GlobalSection(ProjectConfigurationPlatforms) = postSolution
		{A2AA493A-4E8F-46F3-BFAF-ACC694B17DDC}.Debug|Any CPU.ActiveCfg = Debug|Any CPU
		{A2AA493A-4E8F-46F3-BFAF-ACC694B17DDC}.Debug|Any CPU.Build.0 = Debug|Any CPU
		{A2AA493A-4E8F-46F3-BFAF-ACC694B17DDC}.Release|Any CPU.ActiveCfg = Release|Any CPU
		{A2AA493A-4E8F-46F3-BFAF-ACC694B17DDC}.Release|Any CPU.Build.0 = Release|Any CPU
	EndGlobalSection
	GlobalSection(SolutionProperties) = preSolution
		HideSolutionNode = FALSE
	EndGlobalSection
	GlobalSection(ExtensibilityGlobals) = postSolution
		SolutionGuid = {51E5FC6F-742C-419B-89AD-E33BE104C182}
	EndGlobalSection
EndGlobal
